
Microsoft Visual Studio Solution File, Format Version 12.00
# Visual Studio Version 16
VisualStudioVersion = 16.0.30907.101
MinimumVisualStudioVersion = 10.0.40219.1
Project("{FAE04EC0-301F-11D3-BF4B-00C04F79EFBC}") = "InventoryManagement", "InventoryManagement.csproj", "{A3BFA2BD-F29C-4569-A218-D69BE8EF735D}"
EndProject
Global
	GlobalSection(SolutionConfigurationPlatforms) = preSolution
		Debug|Any CPU = Debug|Any CPU
		Release|Any CPU = Release|Any CPU
	EndGlobalSection
	GlobalSection(ProjectConfigurationPlatforms) = postSolution
		{A3BFA2BD-F29C-4569-A218-D69BE8EF735D}.Debug|Any CPU.ActiveCfg = Debug|Any CPU
		{A3BFA2BD-F29C-4569-A218-D69BE8EF735D}.Debug|Any CPU.Build.0 = Debug|Any CPU
		{A3BFA2BD-F29C-4569-A218-D69BE8EF735D}.Release|Any CPU.ActiveCfg = Release|Any CPU
		{A3BFA2BD-F29C-4569-A218-D69BE8EF735D}.Release|Any CPU.Build.0 = Release|Any CPU
	EndGlobalSection
	GlobalSection(SolutionProperties) = preSolution
		HideSolutionNode = FALSE
	EndGlobalSection
	GlobalSection(ExtensibilityGlobals) = postSolution
		SolutionGuid = {D7F412CC-FD18-450A-AE4C-9434FED427EF}
	EndGlobalSection
EndGlobal
